
Microsoft Visual Studio Solution File, Format Version 12.00
# Visual Studio 15
VisualStudioVersion = 15.0.28307.645
MinimumVisualStudioVersion = 10.0.40219.1
Project("{FAE04EC0-301F-11D3-BF4B-00C04F79EFBC}") = "FiguresForm", "Figures\FiguresForm.csproj", "{6C308568-362A-4893-AEF2-6270AAA30DF6}"
EndProject
Project("{FAE04EC0-301F-11D3-BF4B-00C04F79EFBC}") = "FiguresBase.BL", "FiguresBase\FiguresBase.BL.csproj", "{DB1CF56E-1CA9-4616-982F-E359C7CEED9B}"
EndProject
Global
	GlobalSection(SolutionConfigurationPlatforms) = preSolution
		Debug|Any CPU = Debug|Any CPU
		Release|Any CPU = Release|Any CPU
	EndGlobalSection
	GlobalSection(ProjectConfigurationPlatforms) = postSolution
		{6C308568-362A-4893-AEF2-6270AAA30DF6}.Debug|Any CPU.ActiveCfg = Debug|Any CPU
		{6C308568-362A-4893-AEF2-6270AAA30DF6}.Debug|Any CPU.Build.0 = Debug|Any CPU
		{6C308568-362A-4893-AEF2-6270AAA30DF6}.Release|Any CPU.ActiveCfg = Release|Any CPU
		{6C308568-362A-4893-AEF2-6270AAA30DF6}.Release|Any CPU.Build.0 = Release|Any CPU
		{DB1CF56E-1CA9-4616-982F-E359C7CEED9B}.Debug|Any CPU.ActiveCfg = Debug|Any CPU
		{DB1CF56E-1CA9-4616-982F-E359C7CEED9B}.Debug|Any CPU.Build.0 = Debug|Any CPU
		{DB1CF56E-1CA9-4616-982F-E359C7CEED9B}.Release|Any CPU.ActiveCfg = Release|Any CPU
		{DB1CF56E-1CA9-4616-982F-E359C7CEED9B}.Release|Any CPU.Build.0 = Release|Any CPU
	EndGlobalSection
	GlobalSection(SolutionProperties) = preSolution
		HideSolutionNode = FALSE
	EndGlobalSection
	GlobalSection(ExtensibilityGlobals) = postSolution
		SolutionGuid = {78A8CE83-2912-4433-8EFE-C4D4BABFBBDC}
	EndGlobalSection
EndGlobal
